
Microsoft Visual Studio Solution File, Format Version 11.00
# Visual Studio 2010
Project("{FAE04EC0-301F-11D3-BF4B-00C04F79EFBC}") = "HomeCatalog.Core", "HomeCatalog.Core.csproj", "{70315D31-DD40-4F70-8634-90AA482DD87F}"
EndProject
Global
	GlobalSection(SolutionConfigurationPlatforms) = preSolution
		Debug|iPhone = Debug|iPhone
		Release|iPhone = Release|iPhone
	EndGlobalSection
	GlobalSection(ProjectConfigurationPlatforms) = postSolution
		{70315D31-DD40-4F70-8634-90AA482DD87F}.Debug|iPhone.ActiveCfg = Debug|iPhone
		{70315D31-DD40-4F70-8634-90AA482DD87F}.Debug|iPhone.Build.0 = Debug|iPhone
		{70315D31-DD40-4F70-8634-90AA482DD87F}.Release|iPhone.ActiveCfg = Release|iPhone
		{70315D31-DD40-4F70-8634-90AA482DD87F}.Release|iPhone.Build.0 = Release|iPhone
	EndGlobalSection
	GlobalSection(MonoDevelopProperties) = preSolution
		StartupItem = HomeCatalog.Core.csproj
	EndGlobalSection
EndGlobal
