
Microsoft Visual Studio Solution File, Format Version 11.00
# Visual Studio 2010
Project("{FAE04EC0-301F-11D3-BF4B-00C04F79EFBC}") = "HomeCatalog.Android", "HomeCatalog.Android\HomeCatalog.Android.csproj", "{59E0BBB7-D53D-448D-BE76-78866DB9EAE7}"
EndProject
Project("{FAE04EC0-301F-11D3-BF4B-00C04F79EFBC}") = "HomeCatalog.Core.Tests", "..\HomeCatalog.Core.Tests\HomeCatalog.Core.Tests.csproj", "{9AACFFC8-D36B-4A88-8399-08AF6D5082F7}"
EndProject
Global
	GlobalSection(SolutionConfigurationPlatforms) = preSolution
		Debug|Any CPU = Debug|Any CPU
		Release|Any CPU = Release|Any CPU
	EndGlobalSection
	GlobalSection(ProjectConfigurationPlatforms) = postSolution
		{59E0BBB7-D53D-448D-BE76-78866DB9EAE7}.Debug|Any CPU.ActiveCfg = Debug|Any CPU
		{59E0BBB7-D53D-448D-BE76-78866DB9EAE7}.Debug|Any CPU.Build.0 = Debug|Any CPU
		{59E0BBB7-D53D-448D-BE76-78866DB9EAE7}.Release|Any CPU.ActiveCfg = Release|Any CPU
		{59E0BBB7-D53D-448D-BE76-78866DB9EAE7}.Release|Any CPU.Build.0 = Release|Any CPU
		{9AACFFC8-D36B-4A88-8399-08AF6D5082F7}.Debug|Any CPU.ActiveCfg = Debug|Any CPU
		{9AACFFC8-D36B-4A88-8399-08AF6D5082F7}.Debug|Any CPU.Build.0 = Debug|Any CPU
		{9AACFFC8-D36B-4A88-8399-08AF6D5082F7}.Release|Any CPU.ActiveCfg = Release|Any CPU
		{9AACFFC8-D36B-4A88-8399-08AF6D5082F7}.Release|Any CPU.Build.0 = Release|Any CPU
	EndGlobalSection
	GlobalSection(MonoDevelopProperties) = preSolution
		StartupItem = ..\HomeCatalog.Core.Tests\HomeCatalog.Core.Tests.csproj
	EndGlobalSection
EndGlobal
